# THIS IS AN AUTOGENERATED FILE. DO NOT EDIT THIS FILE DIRECTLY.
# yarn lockfile v1


"@babel/code-frame@^7.0.0":
  version "7.12.13"
  resolved "https://registry.yarnpkg.com/@babel/code-frame/-/code-frame-7.12.13.tgz#dcfc826beef65e75c50e21d3837d7d95798dd658"
  integrity sha512-HV1Cm0Q3ZrpCR93tkWOYiuYIgLxZXZFVG2VgK+MBWjUqZTundupbfx2aXarXuw5Ko5aMcjtJgbSs4vUGBS5v6g==
  dependencies:
    "@babel/highlight" "^7.12.13"

"@babel/helper-validator-identifier@^7.12.11":
  version "7.12.11"
  resolved "https://registry.yarnpkg.com/@babel/helper-validator-identifier/-/helper-validator-identifier-7.12.11.tgz#c9a1f021917dcb5ccf0d4e453e399022981fc9ed"
  integrity sha512-np/lG3uARFybkoHokJUmf1QfEvRVCPbmQeUQpKow5cQ3xWrV9i3rUHodKDJPQfTVX61qKi+UdYk8kik84n7XOw==

"@babel/highlight@^7.12.13":
  version "7.13.10"
  resolved "https://registry.yarnpkg.com/@babel/highlight/-/highlight-7.13.10.tgz#a8b2a66148f5b27d666b15d81774347a731d52d1"
  integrity sha512-5aPpe5XQPzflQrFwL1/QoeHkP2MsA4JCntcXHRhEsdsfPVkvPi2w7Qix4iV7t5S/oC9OodGrggd8aco1g3SZFg==
  dependencies:
    "@babel/helper-validator-identifier" "^7.12.11"
    chalk "^2.0.0"
    js-tokens "^4.0.0"

"@pixi/accessibility@6.0.2":
  version "6.0.2"
  resolved "https://registry.yarnpkg.com/@pixi/accessibility/-/accessibility-6.0.2.tgz#49c3d940ccf5360df64e354dcb75374f58795b62"
  integrity sha512-zHJcrGmpphnqjUQr+5HhcoInuKxZu3PxGl/NRgTC5gpWp259D0LBPT7k3Lt45r4kruDCMUGpMZVb1s46IZniSQ==
  dependencies:
    "@pixi/canvas-renderer" "6.0.2"
    "@pixi/core" "6.0.2"
    "@pixi/display" "6.0.2"
    "@pixi/utils" "6.0.2"

"@pixi/app@6.0.2":
  version "6.0.2"
  resolved "https://registry.yarnpkg.com/@pixi/app/-/app-6.0.2.tgz#bf6eb145b9c311047aa29ef84db22eb6a47b3696"
  integrity sha512-zHCzO0K5jJ48ngbH4FpdYJh1LxuGn9mJSIOF8YorqXFt+3drM9R9/qGGfSGdA9O7rW0O0uIkSndQwPXIlOIsUA==
  dependencies:
    "@pixi/core" "6.0.2"
    "@pixi/display" "6.0.2"

"@pixi/canvas-renderer@6.0.2":
  version "6.0.2"
  resolved "https://registry.yarnpkg.com/@pixi/canvas-renderer/-/canvas-renderer-6.0.2.tgz#35b11e3c3ffca0dd68e37cac80159b0cd71df02f"
  integrity sha512-SL3pLxAjEQdVN8Tp/p2svciKeA0DRH7HhlO95frVwxzvG4Z3GGYU39f3ejtCaLPqLGzEJmLND7lbIXh0b+Ornw==
  dependencies:
    "@pixi/constants" "6.0.2"
    "@pixi/core" "6.0.2"
    "@pixi/math" "6.0.2"
    "@pixi/settings" "6.0.2"
    "@pixi/utils" "6.0.2"

"@pixi/compressed-textures@6.0.2":
  version "6.0.2"
  resolved "https://registry.yarnpkg.com/@pixi/compressed-textures/-/compressed-textures-6.0.2.tgz#bb5141fa4a184d3c488f8cddfeed49139b7ec8e4"
  integrity sha512-SDuCLn/IEo8j1O+OYPVYy3Dz8+jAXLPdJsMYfs4GOGhsQWZ9js5bfLXWuwr6QRPOXoR3e8zb9qC3co8149pNLg==
  dependencies:
    "@pixi/constants" "6.0.2"
    "@pixi/core" "6.0.2"
    "@pixi/loaders" "6.0.2"

"@pixi/constants@6.0.2":
  version "6.0.2"
  resolved "https://registry.yarnpkg.com/@pixi/constants/-/constants-6.0.2.tgz#40e9c6b811ef51f59c01ec18fb6b80aad0abd17b"
  integrity sha512-4GSVKWr+qtjTj8IpRjXSnpkhF944ybjTSz9FnoqZZJgFxh/+9r53StHEGtKoK+BsSrmqbGzWax9krfc620KcLA==

"@pixi/core@6.0.2":
  version "6.0.2"
  resolved "https://registry.yarnpkg.com/@pixi/core/-/core-6.0.2.tgz#f4ad52dda930b816188fc086d2245ceb89847547"
  integrity sha512-Bz0WQDncrXuLEjU6pX5INrCLd5UorgBfufgysQzncOITIER4sZjAq5R/mCS1M3d4mGFhXZQyMyQK+O4LacWvOQ==
  dependencies:
    "@pixi/constants" "6.0.2"
    "@pixi/math" "6.0.2"
    "@pixi/runner" "6.0.2"
    "@pixi/settings" "6.0.2"
    "@pixi/ticker" "6.0.2"
    "@pixi/utils" "6.0.2"

"@pixi/display@6.0.2":
  version "6.0.2"
  resolved "https://registry.yarnpkg.com/@pixi/display/-/display-6.0.2.tgz#86833596e066874060d5ed770c08f27e3fe55918"
  integrity sha512-5qJxwT07McA7EK2yFhqvAjEJpap4Xa2hUCRDfsxl+Fu1Y3zDNBKI7HB8+mWZdYtSnnh5fJxrrw5lPo4HX7M+6w==
  dependencies:
    "@pixi/math" "6.0.2"
    "@pixi/settings" "6.0.2"
    "@pixi/utils" "6.0.2"

"@pixi/extract@6.0.2":
  version "6.0.2"
  resolved "https://registry.yarnpkg.com/@pixi/extract/-/extract-6.0.2.tgz#dec9c33b9c610807699e211829c021e177f8b497"
  integrity sha512-vGrewyLREzZOGAjcJO60s7oDm8ATbJOB5KyxuJXOSmIuhEmP69ohmxt1Rk6W8nfUS5m3gYU2KsY//RfDghHzVA==
  dependencies:
    "@pixi/core" "6.0.2"
    "@pixi/math" "6.0.2"
    "@pixi/utils" "6.0.2"

"@pixi/filter-alpha@6.0.2":
  version "6.0.2"
  resolved "https://registry.yarnpkg.com/@pixi/filter-alpha/-/filter-alpha-6.0.2.tgz#71b4da79468bab9ee0520e62d04966d2191679d0"
  integrity sha512-fk7I2mCdQLbt9KrxiCd1103okSoNGXnxa1uY1V66jouSo51IXB3PkNEIFbET/cYOM7kKiMui20sYath1g596ag==
  dependencies:
    "@pixi/core" "6.0.2"

"@pixi/filter-blur@6.0.2":
  version "6.0.2"
  resolved "https://registry.yarnpkg.com/@pixi/filter-blur/-/filter-blur-6.0.2.tgz#ebc67a29f2a9eb9ca4c6e3b00b9c42bda650429d"
  integrity sha512-FzaIl4l10lOW4+1SWFjLvK3MtH66zBG1SEa/cMUcVOfwZRIrg5pY3X842kZhNErm42yr9N2xBtKwwVBqQRbV8w==
  dependencies:
    "@pixi/core" "6.0.2"
    "@pixi/settings" "6.0.2"

"@pixi/filter-color-matrix@6.0.2":
  version "6.0.2"
  resolved "https://registry.yarnpkg.com/@pixi/filter-color-matrix/-/filter-color-matrix-6.0.2.tgz#c110c1759af6ef594d2f5025eddf66146d75ce96"
  integrity sha512-zOKdURfQFBIqknpisG1Ow7BiYD7zVTAHU/Y4aPNBFwcAxET/fKFDB8vJFztO1g0C4v05ivjVXmvAuIAjlXdOhw==
  dependencies:
    "@pixi/core" "6.0.2"

"@pixi/filter-displacement@6.0.2":
  version "6.0.2"
  resolved "https://registry.yarnpkg.com/@pixi/filter-displacement/-/filter-displacement-6.0.2.tgz#0c6096fb951015b8446cebf8ce4b02a57700c458"
  integrity sha512-ozhpQ0YkGxsMDzE8u/zTYp0LZ52VBM849iCIqY/WSVZkjeNYB0XhUZdI/7RMDPMVfiQSENimacEpsOgzsOIPSA==
  dependencies:
    "@pixi/core" "6.0.2"
    "@pixi/math" "6.0.2"

"@pixi/filter-fxaa@6.0.2":
  version "6.0.2"
  resolved "https://registry.yarnpkg.com/@pixi/filter-fxaa/-/filter-fxaa-6.0.2.tgz#ab5d6dd18c287bea9e2d7b8bad30b16e2ba435ea"
  integrity sha512-dkX2udy4CqUuAS5yEu3udzdCbpZVdHgoVEksSiFiGzyC17uexkHaunQAgLb2UFGmjbdLT4Vk2FIrgM3+sMWQ3w==
  dependencies:
    "@pixi/core" "6.0.2"

"@pixi/filter-noise@6.0.2":
  version "6.0.2"
  resolved "https://registry.yarnpkg.com/@pixi/filter-noise/-/filter-noise-6.0.2.tgz#4829005fe99c56fc8a236f3d5ccc3173b770c11c"
  integrity sha512-UnaRYV06qWe7ytBHZ8hK6ZH8Bnqhwtuhoj86pAv0Jhc8EXwcKC2wLT7JDFxBnjB1GwJuWDYnNrQpPsyRQsHNiA==
  dependencies:
    "@pixi/core" "6.0.2"

"@pixi/graphics@6.0.2":
  version "6.0.2"
  resolved "https://registry.yarnpkg.com/@pixi/graphics/-/graphics-6.0.2.tgz#c8f4258b6e6fcfc41548d4046f243a7cca99eb85"
  integrity sha512-/hONnNsWIo8O/0yQf2voBRi0aLnt7RXHXiYLb1d0bMkfYVHbn6r+TYZsz/mjOC1MRW+B0Bkh5ZxRWOgF3IpCiA==
  dependencies:
    "@pixi/constants" "6.0.2"
    "@pixi/core" "6.0.2"
    "@pixi/display" "6.0.2"
    "@pixi/math" "6.0.2"
    "@pixi/sprite" "6.0.2"
    "@pixi/utils" "6.0.2"

"@pixi/interaction@6.0.2":
  version "6.0.2"
  resolved "https://registry.yarnpkg.com/@pixi/interaction/-/interaction-6.0.2.tgz#eb6191ffff33f5c593a86896422c24e57d213d2c"
  integrity sha512-YRT1reJXISgAf1+lRECpchR7+MUcGA/vdC612oG0fbrONCI0r1jMwMjdEcTnuMzZrzfSGL6yz0pkhIjWMjuY0g==
  dependencies:
    "@pixi/core" "6.0.2"
    "@pixi/display" "6.0.2"
    "@pixi/math" "6.0.2"
    "@pixi/ticker" "6.0.2"
    "@pixi/utils" "6.0.2"

"@pixi/loaders@6.0.2":
  version "6.0.2"
  resolved "https://registry.yarnpkg.com/@pixi/loaders/-/loaders-6.0.2.tgz#8de1aa8ff17f683e3e66b899f1490e182f79d887"
  integrity sha512-ir71du5YOoH/NW8/rNwQ5br+YCVcKWUAltsUaQfTCMLjPzaT8nHtsBiy/krQIGNus179l1h7NfGrSOK/RU936Q==
  dependencies:
    "@pixi/constants" "6.0.2"
    "@pixi/core" "6.0.2"
    "@pixi/utils" "6.0.2"
    resource-loader "^3.0.1"

"@pixi/math@6.0.2":
  version "6.0.2"
  resolved "https://registry.yarnpkg.com/@pixi/math/-/math-6.0.2.tgz#e9213bf006ef0362a9cbdd19fbbd334a3c6fd6ad"
  integrity sha512-eA4VmqkWTUSRl1iYIu3sCitbg8+QfohU0Zk/61J1s0pzWtLjMECkrlcwiFfCxwNU7MhkOATQ53dxgmNtBa77zw==

"@pixi/mesh-extras@6.0.2":
  version "6.0.2"
  resolved "https://registry.yarnpkg.com/@pixi/mesh-extras/-/mesh-extras-6.0.2.tgz#340a70f8f4e87112bbfe234b5d33d0037cf33abd"
  integrity sha512-Q2O3/MR5ghMx95N2DnvYbyDL6aK9fU5cxLy6nEAd/i4iNyBA/XIfC7iB6WY207OyF9PIjPedT5Ha1SSSiujhAA==
  dependencies:
    "@pixi/constants" "6.0.2"
    "@pixi/core" "6.0.2"
    "@pixi/math" "6.0.2"
    "@pixi/mesh" "6.0.2"
    "@pixi/utils" "6.0.2"

"@pixi/mesh@6.0.2":
  version "6.0.2"
  resolved "https://registry.yarnpkg.com/@pixi/mesh/-/mesh-6.0.2.tgz#e4bec67c23fbaf9449a9cece453406768428012a"
  integrity sha512-Sc3VrB7/MQ4/Ju86Cks43pJlw6bH0o/SXm/UgIkW7B2cYQMdffcWwt3bOvdyeiChNJWN6308m9VtU0Dx+5xalA==
  dependencies:
    "@pixi/constants" "6.0.2"
    "@pixi/core" "6.0.2"
    "@pixi/display" "6.0.2"
    "@pixi/math" "6.0.2"
    "@pixi/settings" "6.0.2"
    "@pixi/utils" "6.0.2"

"@pixi/mixin-cache-as-bitmap@6.0.2":
  version "6.0.2"
  resolved "https://registry.yarnpkg.com/@pixi/mixin-cache-as-bitmap/-/mixin-cache-as-bitmap-6.0.2.tgz#34f972516e502c12f484762e67095e2a6275676a"
  integrity sha512-GBS/s1sf01AWmWBiFD9ppx/20EZMGYvJ2vq/fK/7jmTRA1gTJVI9UA/Suhx3n2KVe7szRDHBAgKKuMjC0W4q7w==
  dependencies:
    "@pixi/canvas-renderer" "6.0.2"
    "@pixi/core" "6.0.2"
    "@pixi/display" "6.0.2"
    "@pixi/math" "6.0.2"
    "@pixi/settings" "6.0.2"
    "@pixi/sprite" "6.0.2"
    "@pixi/utils" "6.0.2"

"@pixi/mixin-get-child-by-name@6.0.2":
  version "6.0.2"
  resolved "https://registry.yarnpkg.com/@pixi/mixin-get-child-by-name/-/mixin-get-child-by-name-6.0.2.tgz#e404c6205402a31ed576180f36bf676e884e9125"
  integrity sha512-qQ+cqOXX50FG3DyuOS69iVc9uOox93ARJoBoh1d3aYwHMUg45oBTyX6xv3suquvPTDcLnKGrJeiHQ/c/xw7tRw==
  dependencies:
    "@pixi/display" "6.0.2"

"@pixi/mixin-get-global-position@6.0.2":
  version "6.0.2"
  resolved "https://registry.yarnpkg.com/@pixi/mixin-get-global-position/-/mixin-get-global-position-6.0.2.tgz#498ae449ff862902f18a4f76fc7b5261df0eb355"
  integrity sha512-waO1D/asjNorJpE+hdJqCg1gnfqOVIUf2mZmKWfS4jW/OPvhbAR1pX6uXP2uZ6yLoK/Ft94x9faMjuDeqxMdFg==
  dependencies:
    "@pixi/display" "6.0.2"
    "@pixi/math" "6.0.2"

"@pixi/particles@6.0.2":
  version "6.0.2"
  resolved "https://registry.yarnpkg.com/@pixi/particles/-/particles-6.0.2.tgz#5d3378da7accf03b9a5cf53c473c1cf08f056116"
  integrity sha512-Z0vAjqmCGXrdwBmdiC7I4Flv0QQ0q4GxC1lqymT58KhA//GiZOLYp0FuK5RojslLrUu7w5MAfUWwLq7gruu2cQ==
  dependencies:
    "@pixi/constants" "6.0.2"
    "@pixi/core" "6.0.2"
    "@pixi/display" "6.0.2"
    "@pixi/math" "6.0.2"
    "@pixi/utils" "6.0.2"

"@pixi/polyfill@6.0.2":
  version "6.0.2"
  resolved "https://registry.yarnpkg.com/@pixi/polyfill/-/polyfill-6.0.2.tgz#8e4d8f9dc71fae3ce16882a1aeeec65ddc12b4d6"
  integrity sha512-PD+d3kGPPKoYgkSQ/xT8U3y12T4StkcpCK6QfFy6k+dkWHzGcQI1aE46Vw6tZ+ZkFi5nRUTNk9C3VlwWt/Fdfw==
  dependencies:
    object-assign "^4.1.1"
    promise-polyfill "^8.2.0"

"@pixi/prepare@6.0.2":
  version "6.0.2"
  resolved "https://registry.yarnpkg.com/@pixi/prepare/-/prepare-6.0.2.tgz#5106420a9224002f0cca05d802760e66a6da3828"
  integrity sha512-bmVE/6qV7Psd3EhumLdeAH7MmU3VpuUcnbyDhrmrJrUmfbqrXiMApCLqGSYjMHQI/abZwFQ0vMgDQhx9dfG8wA==
  dependencies:
    "@pixi/core" "6.0.2"
    "@pixi/display" "6.0.2"
    "@pixi/graphics" "6.0.2"
    "@pixi/settings" "6.0.2"
    "@pixi/text" "6.0.2"
    "@pixi/ticker" "6.0.2"

"@pixi/runner@6.0.2":
  version "6.0.2"
  resolved "https://registry.yarnpkg.com/@pixi/runner/-/runner-6.0.2.tgz#5e8f38c0d0472d0a81e34ee0cd263529d6ad4021"
  integrity sha512-HcaDuwT+kconUZJh9gzGy166R/0hWkgXpLX0mqUYo5qPKmhiC+balJsiha6IIV6Ckg5c5IX2GQBSkXJrEDlOMg==

"@pixi/settings@6.0.2":
  version "6.0.2"
  resolved "https://registry.yarnpkg.com/@pixi/settings/-/settings-6.0.2.tgz#48108e2b68be76c1146a7322dacf8ea556513788"
  integrity sha512-hZMZIKDsqpf2qtVAnZvemGcFw1ujkZb/r4nVn4/hYeyZLK63I5IpQKEPPK9NMicTM697V+BRoMbWqbrlubiLKw==
  dependencies:
    ismobilejs "^1.1.0"

"@pixi/sprite-animated@6.0.2":
  version "6.0.2"
  resolved "https://registry.yarnpkg.com/@pixi/sprite-animated/-/sprite-animated-6.0.2.tgz#2713d5c5f7dfa0e8b5e6d83a27a1a72aecf4dfe2"
  integrity sha512-OSINySJ1uk/iaD4Yk/3czRlitTMVIEgzgvqzSZL+GcqHqzc3lW/BpZ31+so+W/4Yv7KckzBJdB++GvsAfAU0kA==
  dependencies:
    "@pixi/core" "6.0.2"
    "@pixi/sprite" "6.0.2"
    "@pixi/ticker" "6.0.2"

"@pixi/sprite-tiling@6.0.2":
  version "6.0.2"
  resolved "https://registry.yarnpkg.com/@pixi/sprite-tiling/-/sprite-tiling-6.0.2.tgz#eba453609471bd4a95cb4e5b6d5a1fc0c428e666"
  integrity sha512-tauohq//qEZirTM5A6pLKUIUgBPp1qTxjrI4lpFp4scalehAdR04dPe3a9JMr7uwmPiskQIB5/LZX7sMtl3jpg==
  dependencies:
    "@pixi/constants" "6.0.2"
    "@pixi/core" "6.0.2"
    "@pixi/display" "6.0.2"
    "@pixi/math" "6.0.2"
    "@pixi/sprite" "6.0.2"
    "@pixi/utils" "6.0.2"

"@pixi/sprite@6.0.2":
  version "6.0.2"
  resolved "https://registry.yarnpkg.com/@pixi/sprite/-/sprite-6.0.2.tgz#5aadb94de74bd8f57618417fbf7eac443fb930d2"
  integrity sha512-I9FHX0zxvfVg/L6hZVRX9kpsdbbxLu9KhN8kdJmDR+RGxuoxGrnboTx5VgT3AW0rYJvwp47VneQTKVVMjat11A==
  dependencies:
    "@pixi/constants" "6.0.2"
    "@pixi/core" "6.0.2"
    "@pixi/display" "6.0.2"
    "@pixi/math" "6.0.2"
    "@pixi/settings" "6.0.2"
    "@pixi/utils" "6.0.2"

"@pixi/spritesheet@6.0.2":
  version "6.0.2"
  resolved "https://registry.yarnpkg.com/@pixi/spritesheet/-/spritesheet-6.0.2.tgz#a25a5ccee6ef552009cc5a0db7a6d6fafc68224e"
  integrity sha512-gWVxx0uWKaNtcj1beLZw0vvogDgmerct+oSA0pU6A3b20pDMrAPc90EuOEOOQ/xxxrHfpIY00IIXsUmAmmA0Zg==
  dependencies:
    "@pixi/core" "6.0.2"
    "@pixi/loaders" "6.0.2"
    "@pixi/math" "6.0.2"
    "@pixi/utils" "6.0.2"

"@pixi/text-bitmap@6.0.2":
  version "6.0.2"
  resolved "https://registry.yarnpkg.com/@pixi/text-bitmap/-/text-bitmap-6.0.2.tgz#8d8707a5dbfecee740ac0f0d9f8f8b2a5659991b"
  integrity sha512-wT3JUp/Y1+B979UpIMibV3Cir0Tb1oi5Sc1r6FPr51KUfFxHMj6Q7+OV1YxJvSMoaKLK6efImfMXGKAKYtVXMQ==
  dependencies:
    "@pixi/core" "6.0.2"
    "@pixi/display" "6.0.2"
    "@pixi/loaders" "6.0.2"
    "@pixi/math" "6.0.2"
    "@pixi/mesh" "6.0.2"
    "@pixi/settings" "6.0.2"
    "@pixi/text" "6.0.2"
    "@pixi/utils" "6.0.2"

"@pixi/text@6.0.2":
  version "6.0.2"
  resolved "https://registry.yarnpkg.com/@pixi/text/-/text-6.0.2.tgz#f880685c9549ec94bbd0d3a9513a9cc001bb26c3"
  integrity sha512-XBhiwLeuL8dBsPwXMDOq9O0JxZcOA2l0aOnFs2O2fZPLL4gkvyquZA+s95C6bGZMR+6j0xtFIQDCsBQCZl1A/g==
  dependencies:
    "@pixi/core" "6.0.2"
    "@pixi/math" "6.0.2"
    "@pixi/settings" "6.0.2"
    "@pixi/sprite" "6.0.2"
    "@pixi/utils" "6.0.2"

"@pixi/ticker@6.0.2":
  version "6.0.2"
  resolved "https://registry.yarnpkg.com/@pixi/ticker/-/ticker-6.0.2.tgz#134288d3189f1b3d38391573d26102e24e919c6f"
  integrity sha512-oBZTfId0D+hDbDCaYvREclI7jvIAmcaxd7iaOPcELHcPPyJ+ym+4hggsXSIchXeeFYasLjI5bfqJPzzL6IasTg==
  dependencies:
    "@pixi/settings" "6.0.2"

"@pixi/utils@6.0.2":
  version "6.0.2"
  resolved "https://registry.yarnpkg.com/@pixi/utils/-/utils-6.0.2.tgz#f4feb4bd62f50af2cfa05674fb783703719fa012"
  integrity sha512-jx3ZYJ29mTJSqBPQbDUPPorsPXiGOQzL6IIW5vwE05LekYmwocR8b48vLYKdbr8XdyOQ7Eqe43PodiwCLjuWvA==
  dependencies:
    "@pixi/constants" "6.0.2"
    "@pixi/settings" "6.0.2"
    "@types/earcut" "^2.1.0"
    earcut "^2.2.2"
    eventemitter3 "^3.1.0"
    url "^0.11.0"

"@types/earcut@^2.1.0":
  version "2.1.1"
  resolved "https://registry.yarnpkg.com/@types/earcut/-/earcut-2.1.1.tgz#573a0af609f17005c751f6f4ffec49cfe358ea51"
  integrity sha512-w8oigUCDjElRHRRrMvn/spybSMyX8MTkKA5Dv+tS1IE/TgmNZPqUYtvYBXGY8cieSE66gm+szeK+bnbxC2xHTQ==

ansi-styles@^3.2.1:
  version "3.2.1"
  resolved "https://registry.yarnpkg.com/ansi-styles/-/ansi-styles-3.2.1.tgz#41fbb20243e50b12be0f04b8dedbf07520ce841d"
  integrity sha512-VT0ZI6kZRdTh8YyJw3SMbYm/u+NqfsAxEpWO0Pf9sq8/e94WxxOpPKx9FR1FlyCtOVDNOQ+8ntlqFxiRc+r5qA==
  dependencies:
    color-convert "^1.9.0"

argparse@^1.0.7:
  version "1.0.10"
  resolved "https://registry.yarnpkg.com/argparse/-/argparse-1.0.10.tgz#bcd6791ea5ae09725e17e5ad988134cd40b3d911"
  integrity sha512-o5Roy6tNG4SL/FOkCAN6RzjiakZS25RLYFrcMttJqbdd8BWrnA+fGz57iN5Pb06pvBGvl5gQ0B48dJlslXvoTg==
  dependencies:
    sprintf-js "~1.0.2"

balanced-match@^1.0.0:
  version "1.0.0"
  resolved "https://registry.yarnpkg.com/balanced-match/-/balanced-match-1.0.0.tgz#89b4d199ab2bee49de164ea02b89ce462d71b767"
  integrity sha1-ibTRmasr7kneFk6gK4nORi1xt2c=

brace-expansion@^1.1.7:
  version "1.1.11"
  resolved "https://registry.yarnpkg.com/brace-expansion/-/brace-expansion-1.1.11.tgz#3c7fcbf529d87226f3d2f52b966ff5271eb441dd"
  integrity sha512-iCuPHDFgrHX7H2vEI/5xpz07zSHB00TpugqhmYtVmMO6518mCuRMoOYFldEBl0g187ufozdaHgWKcYFb61qGiA==
  dependencies:
    balanced-match "^1.0.0"
    concat-map "0.0.1"

builtin-modules@^1.1.1:
  version "1.1.1"
  resolved "https://registry.yarnpkg.com/builtin-modules/-/builtin-modules-1.1.1.tgz#270f076c5a72c02f5b65a47df94c5fe3a278892f"
  integrity sha1-Jw8HbFpywC9bZaR9+Uxf46J4iS8=

chalk@^2.0.0, chalk@^2.3.0:
  version "2.4.2"
  resolved "https://registry.yarnpkg.com/chalk/-/chalk-2.4.2.tgz#cd42541677a54333cf541a49108c1432b44c9424"
  integrity sha512-Mti+f9lpJNcwF4tWV8/OrTTtF1gZi+f8FqlyAdouralcFWFQWF2+NgCHShjkCb+IFBLq9buZwE1xckQU4peSuQ==
  dependencies:
    ansi-styles "^3.2.1"
    escape-string-regexp "^1.0.5"
    supports-color "^5.3.0"

color-convert@^1.9.0:
  version "1.9.3"
  resolved "https://registry.yarnpkg.com/color-convert/-/color-convert-1.9.3.tgz#bb71850690e1f136567de629d2d5471deda4c1e8"
  integrity sha512-QfAUtd+vFdAtFQcC8CCyYt1fYWxSqAiK2cSD6zDB8N3cpsEBAvRxp9zOGg6G/SHHJYAT88/az/IuDGALsNVbGg==
  dependencies:
    color-name "1.1.3"

color-name@1.1.3:
  version "1.1.3"
  resolved "https://registry.yarnpkg.com/color-name/-/color-name-1.1.3.tgz#a7d0558bd89c42f795dd42328f740831ca53bc25"
  integrity sha1-p9BVi9icQveV3UIyj3QIMcpTvCU=

commander@^2.12.1:
  version "2.20.3"
  resolved "https://registry.yarnpkg.com/commander/-/commander-2.20.3.tgz#fd485e84c03eb4881c20722ba48035e8531aeb33"
  integrity sha512-GpVkmM8vF2vQUkj2LvZmD35JxeJOLCwJ9cUkugyk2nuhbv3+mJvpLYYt+0+USMxE+oj+ey/lJEnhZw75x/OMcQ==

concat-map@0.0.1:
  version "0.0.1"
  resolved "https://registry.yarnpkg.com/concat-map/-/concat-map-0.0.1.tgz#d8a96bd77fd68df7793a73036a3ba0d5405d477b"
  integrity sha1-2Klr13/Wjfd5OnMDajug1UBdR3s=

diff@^4.0.1:
  version "4.0.2"
  resolved "https://registry.yarnpkg.com/diff/-/diff-4.0.2.tgz#60f3aecb89d5fae520c11aa19efc2bb982aade7d"
  integrity sha512-58lmxKSA4BNyLz+HHMUzlOEpg09FV+ev6ZMe3vJihgdxzgcwZ8VoEEPmALCZG9LmqfVoNMMKpttIYTVG6uDY7A==

earcut@^2.2.2:
  version "2.2.2"
  resolved "https://registry.yarnpkg.com/earcut/-/earcut-2.2.2.tgz#41b0bc35f63e0fe80da7cddff28511e7e2e80d11"
  integrity sha512-eZoZPPJcUHnfRZ0PjLvx2qBordSiO8ofC3vt+qACLM95u+4DovnbYNpQtJh0DNsWj8RnxrQytD4WA8gj5cRIaQ==

escape-string-regexp@^1.0.5:
  version "1.0.5"
  resolved "https://registry.yarnpkg.com/escape-string-regexp/-/escape-string-regexp-1.0.5.tgz#1b61c0562190a8dff6ae3bb2cf0200ca130b86d4"
  integrity sha1-G2HAViGQqN/2rjuyzwIAyhMLhtQ=

esprima@^4.0.0:
  version "4.0.1"
  resolved "https://registry.yarnpkg.com/esprima/-/esprima-4.0.1.tgz#13b04cdb3e6c5d19df91ab6987a8695619b0aa71"
  integrity sha512-eGuFFw7Upda+g4p+QHvnW0RyTX/SVeJBDM/gCtMARO0cLuT2HcEKnTPvhjV6aGeqrCB/sbNop0Kszm0jsaWU4A==

eventemitter3@^3.1.0:
  version "3.1.2"
  resolved "https://registry.yarnpkg.com/eventemitter3/-/eventemitter3-3.1.2.tgz#2d3d48f9c346698fce83a85d7d664e98535df6e7"
  integrity sha512-tvtQIeLVHjDkJYnzf2dgVMxfuSGJeM/7UCG17TT4EumTfNtF+0nebF/4zWOIkCreAbtNqhGEboB6BWrwqNaw4Q==

fs.realpath@^1.0.0:
  version "1.0.0"
  resolved "https://registry.yarnpkg.com/fs.realpath/-/fs.realpath-1.0.0.tgz#1504ad2523158caa40db4a2787cb01411994ea4f"
  integrity sha1-FQStJSMVjKpA20onh8sBQRmU6k8=

function-bind@^1.1.1:
  version "1.1.1"
  resolved "https://registry.yarnpkg.com/function-bind/-/function-bind-1.1.1.tgz#a56899d3ea3c9bab874bb9773b7c5ede92f4895d"
  integrity sha512-yIovAzMX49sF8Yl58fSCWJ5svSLuaibPxXQJFLmBObTuCr0Mf1KiPopGM9NiFjiYBCbfaa2Fh6breQ6ANVTI0A==

glob@^7.1.1:
  version "7.1.6"
  resolved "https://registry.yarnpkg.com/glob/-/glob-7.1.6.tgz#141f33b81a7c2492e125594307480c46679278a6"
  integrity sha512-LwaxwyZ72Lk7vZINtNNrywX0ZuLyStrdDtabefZKAY5ZGJhVtgdznluResxNmPitE0SAO+O26sWTHeKSI2wMBA==
  dependencies:
    fs.realpath "^1.0.0"
    inflight "^1.0.4"
    inherits "2"
    minimatch "^3.0.4"
    once "^1.3.0"
    path-is-absolute "^1.0.0"

"gstats@https://github.com/Prozi/gstats":
  version "0.1.0"
  resolved "https://github.com/Prozi/gstats#30da3a8e92911205842c4ae6d5c8b65e317f902b"

has-flag@^3.0.0:
  version "3.0.0"
  resolved "https://registry.yarnpkg.com/has-flag/-/has-flag-3.0.0.tgz#b5d454dc2199ae225699f3467e5a07f3b955bafd"
  integrity sha1-tdRU3CGZriJWmfNGfloH87lVuv0=

has@^1.0.3:
  version "1.0.3"
  resolved "https://registry.yarnpkg.com/has/-/has-1.0.3.tgz#722d7cbfc1f6aa8241f16dd814e011e1f41e8796"
  integrity sha512-f2dvO0VU6Oej7RkWJGrehjbzMAjFp5/VKPp5tTpWIV4JHHZK1/BxbFRtf/siA2SWTe09caDmVtYYzWEIbBS4zw==
  dependencies:
    function-bind "^1.1.1"

inflight@^1.0.4:
  version "1.0.6"
  resolved "https://registry.yarnpkg.com/inflight/-/inflight-1.0.6.tgz#49bd6331d7d02d0c09bc910a1075ba8165b56df9"
  integrity sha1-Sb1jMdfQLQwJvJEKEHW6gWW1bfk=
  dependencies:
    once "^1.3.0"
    wrappy "1"

inherits@2:
  version "2.0.4"
  resolved "https://registry.yarnpkg.com/inherits/-/inherits-2.0.4.tgz#0fa2c64f932917c3433a0ded55363aae37416b7c"
  integrity sha512-k/vGaX4/Yla3WzyMCvTQOXYeIHvqOKtnqBduzTHpzpQZzAskKMhZ2K+EnBiSM9zGSoIFeMpXKxa4dYeZIQqewQ==

is-core-module@^2.2.0:
  version "2.2.0"
  resolved "https://registry.yarnpkg.com/is-core-module/-/is-core-module-2.2.0.tgz#97037ef3d52224d85163f5597b2b63d9afed981a"
  integrity sha512-XRAfAdyyY5F5cOXn7hYQDqh2Xmii+DEfIcQGxK/uNwMHhIkPWO0g8msXcbzLe+MpGoR951MlqM/2iIlU4vKDdQ==
  dependencies:
    has "^1.0.3"

ismobilejs@^1.1.0:
  version "1.1.1"
  resolved "https://registry.yarnpkg.com/ismobilejs/-/ismobilejs-1.1.1.tgz#c56ca0ae8e52b24ca0f22ba5ef3215a2ddbbaa0e"
  integrity sha512-VaFW53yt8QO61k2WJui0dHf4SlL8lxBofUuUmwBo0ljPk0Drz2TiuDW4jo3wDcv41qy/SxrJ+VAzJ/qYqsmzRw==

js-tokens@^4.0.0:
  version "4.0.0"
  resolved "https://registry.yarnpkg.com/js-tokens/-/js-tokens-4.0.0.tgz#19203fb59991df98e3a287050d4647cdeaf32499"
  integrity sha512-RdJUflcE3cUzKiMqQgsCu06FPu9UdIJO0beYbPhHN4k6apgJtifcoCtT9bcxOpYBtpD2kCM6Sbzg4CausW/PKQ==

js-yaml@^3.13.1:
  version "3.14.1"
  resolved "https://registry.yarnpkg.com/js-yaml/-/js-yaml-3.14.1.tgz#dae812fdb3825fa306609a8717383c50c36a0537"
  integrity sha512-okMH7OXXJ7YrN9Ok3/SXrnu4iX9yOk+25nqX4imS2npuvTYDmo/QEZoqwZkYaIDk3jVvBOTOIEgEhaLOynBS9g==
  dependencies:
    argparse "^1.0.7"
    esprima "^4.0.0"

mini-signals@^1.2.0:
  version "1.2.0"
  resolved "https://registry.yarnpkg.com/mini-signals/-/mini-signals-1.2.0.tgz#45b08013c5fae51a24aa1a935cd317c9ed721d74"
  integrity sha1-RbCAE8X65RokqhqTXNMXye1yHXQ=

minimatch@^3.0.4:
  version "3.0.4"
  resolved "https://registry.yarnpkg.com/minimatch/-/minimatch-3.0.4.tgz#5166e286457f03306064be5497e8dbb0c3d32083"
  integrity sha512-yJHVQEhyqPLUTgt9B83PXu6W3rx4MvvHvSUvToogpwoGDOUQ+yDrR0HRot+yOCdCO7u4hX3pWft6kWBBcqh0UA==
  dependencies:
    brace-expansion "^1.1.7"

minimist@^1.2.5:
  version "1.2.5"
  resolved "https://registry.yarnpkg.com/minimist/-/minimist-1.2.5.tgz#67d66014b66a6a8aaa0c083c5fd58df4e4e97602"
  integrity sha512-FM9nNUYrRBAELZQT3xeZQ7fmMOBg6nWNmJKTcgsJeaLstP/UODVpGsr5OhXhhXg6f+qtJ8uiZ+PUxkDWcgIXLw==

mkdirp@^0.5.3:
  version "0.5.5"
  resolved "https://registry.yarnpkg.com/mkdirp/-/mkdirp-0.5.5.tgz#d91cefd62d1436ca0f41620e251288d420099def"
  integrity sha512-NKmAlESf6jMGym1++R0Ra7wvhV+wFW63FaSOFPwRahvea0gMUcGUhVeAg/0BC0wiv9ih5NYPB1Wn1UEI1/L+xQ==
  dependencies:
    minimist "^1.2.5"

object-assign@^4.1.1:
  version "4.1.1"
  resolved "https://registry.yarnpkg.com/object-assign/-/object-assign-4.1.1.tgz#2109adc7965887cfc05cbbd442cac8bfbb360863"
  integrity sha1-IQmtx5ZYh8/AXLvUQsrIv7s2CGM=

once@^1.3.0:
  version "1.4.0"
  resolved "https://registry.yarnpkg.com/once/-/once-1.4.0.tgz#583b1aa775961d4b113ac17d9c50baef9dd76bd1"
  integrity sha1-WDsap3WWHUsROsF9nFC6753Xa9E=
  dependencies:
    wrappy "1"

parse-uri@^1.0.0:
  version "1.0.3"
  resolved "https://registry.yarnpkg.com/parse-uri/-/parse-uri-1.0.3.tgz#f3c24a74907a4e357c1741e96ca9faadecfd6db5"
  integrity sha512-upMnGxNcm+45So85HoguwZTVZI9u11i36DdxJfGF2HYWS2eh3TIx7+/tTi7qrEq15qzGkVhsKjesau+kCk48pA==

path-is-absolute@^1.0.0:
  version "1.0.1"
  resolved "https://registry.yarnpkg.com/path-is-absolute/-/path-is-absolute-1.0.1.tgz#174b9268735534ffbc7ace6bf53a5a9e1b5c5f5f"
  integrity sha1-F0uSaHNVNP+8es5r9TpanhtcX18=

path-parse@^1.0.6:
  version "1.0.6"
  resolved "https://registry.yarnpkg.com/path-parse/-/path-parse-1.0.6.tgz#d62dbb5679405d72c4737ec58600e9ddcf06d24c"
  integrity sha512-GSmOT2EbHrINBf9SR7CDELwlJ8AENk3Qn7OikK4nFYAu3Ote2+JYNVvkpAEQm3/TLNEJFD/xZJjzyxg3KBWOzw==

pixi.js@^6.0.2:
  version "6.0.2"
  resolved "https://registry.yarnpkg.com/pixi.js/-/pixi.js-6.0.2.tgz#0ee9e51c6fcd49415afdd042982bae08c9821709"
  integrity sha512-ioH2+TxyWMwY+nlOgopxfHBBOpB2Wp79LBNCXPP8dIFWH6q70IAKAL++39aK7+MyLvdqwQ+tSnIWuAMNpKPJCw==
  dependencies:
    "@pixi/accessibility" "6.0.2"
    "@pixi/app" "6.0.2"
    "@pixi/compressed-textures" "6.0.2"
    "@pixi/constants" "6.0.2"
    "@pixi/core" "6.0.2"
    "@pixi/display" "6.0.2"
    "@pixi/extract" "6.0.2"
    "@pixi/filter-alpha" "6.0.2"
    "@pixi/filter-blur" "6.0.2"
    "@pixi/filter-color-matrix" "6.0.2"
    "@pixi/filter-displacement" "6.0.2"
    "@pixi/filter-fxaa" "6.0.2"
    "@pixi/filter-noise" "6.0.2"
    "@pixi/graphics" "6.0.2"
    "@pixi/interaction" "6.0.2"
    "@pixi/loaders" "6.0.2"
    "@pixi/math" "6.0.2"
    "@pixi/mesh" "6.0.2"
    "@pixi/mesh-extras" "6.0.2"
    "@pixi/mixin-cache-as-bitmap" "6.0.2"
    "@pixi/mixin-get-child-by-name" "6.0.2"
    "@pixi/mixin-get-global-position" "6.0.2"
    "@pixi/particles" "6.0.2"
    "@pixi/polyfill" "6.0.2"
    "@pixi/prepare" "6.0.2"
    "@pixi/runner" "6.0.2"
    "@pixi/settings" "6.0.2"
    "@pixi/sprite" "6.0.2"
    "@pixi/sprite-animated" "6.0.2"
    "@pixi/sprite-tiling" "6.0.2"
    "@pixi/spritesheet" "6.0.2"
    "@pixi/text" "6.0.2"
    "@pixi/text-bitmap" "6.0.2"
    "@pixi/ticker" "6.0.2"
    "@pixi/utils" "6.0.2"

prettier@^2.2.1:
  version "2.2.1"
  resolved "https://registry.yarnpkg.com/prettier/-/prettier-2.2.1.tgz#795a1a78dd52f073da0cd42b21f9c91381923ff5"
  integrity sha512-PqyhM2yCjg/oKkFPtTGUojv7gnZAoG80ttl45O6x2Ug/rMJw4wcc9k6aaf2hibP7BGVCCM33gZoGjyvt9mm16Q==

promise-polyfill@^8.2.0:
  version "8.2.0"
  resolved "https://registry.yarnpkg.com/promise-polyfill/-/promise-polyfill-8.2.0.tgz#367394726da7561457aba2133c9ceefbd6267da0"
  integrity sha512-k/TC0mIcPVF6yHhUvwAp7cvL6I2fFV7TzF1DuGPI8mBh4QQazf36xCKEHKTZKRysEoTQoQdKyP25J8MPJp7j5g==

punycode@1.3.2:
  version "1.3.2"
  resolved "https://registry.yarnpkg.com/punycode/-/punycode-1.3.2.tgz#9653a036fb7c1ee42342f2325cceefea3926c48d"
  integrity sha1-llOgNvt8HuQjQvIyXM7v6jkmxI0=

querystring@0.2.0:
  version "0.2.0"
  resolved "https://registry.yarnpkg.com/querystring/-/querystring-0.2.0.tgz#b209849203bb25df820da756e747005878521620"
  integrity sha1-sgmEkgO7Jd+CDadW50cAWHhSFiA=

resolve@^1.3.2:
  version "1.20.0"
  resolved "https://registry.yarnpkg.com/resolve/-/resolve-1.20.0.tgz#629a013fb3f70755d6f0b7935cc1c2c5378b1975"
  integrity sha512-wENBPt4ySzg4ybFQW2TT1zMQucPK95HSh/nq2CFTZVOGut2+pQvSsgtda4d26YrYcr067wjbmzOG8byDPBX63A==
  dependencies:
    is-core-module "^2.2.0"
    path-parse "^1.0.6"

resource-loader@^3.0.1:
  version "3.0.1"
  resolved "https://registry.yarnpkg.com/resource-loader/-/resource-loader-3.0.1.tgz#33355bb5421e2994f59454bbc7f6dbff8df06d47"
  integrity sha512-fBuCRbEHdLCI1eglzQhUv9Rrdcmqkydr1r6uHE2cYHvRBrcLXeSmbE/qI/urFt8rPr/IGxir3BUwM5kUK8XoyA==
  dependencies:
    mini-signals "^1.2.0"
    parse-uri "^1.0.0"

semver@^5.3.0:
  version "5.7.1"
  resolved "https://registry.yarnpkg.com/semver/-/semver-5.7.1.tgz#a954f931aeba508d307bbf069eff0c01c96116f7"
  integrity sha512-sauaDf/PZdVgrLTNYHRtpXa1iRiKcaebiKQ1BJdpQlWH2lCvexQdX55snPFyK7QzpudqbCI0qXFfOasHdyNDGQ==

sprintf-js@~1.0.2:
  version "1.0.3"
  resolved "https://registry.yarnpkg.com/sprintf-js/-/sprintf-js-1.0.3.tgz#04e6926f662895354f3dd015203633b857297e2c"
  integrity sha1-BOaSb2YolTVPPdAVIDYzuFcpfiw=

supports-color@^5.3.0:
  version "5.5.0"
  resolved "https://registry.yarnpkg.com/supports-color/-/supports-color-5.5.0.tgz#e2e69a44ac8772f78a1ec0b35b689df6530efc8f"
  integrity sha512-QjVjwdXIt408MIiAqCX4oUKsgU2EqAGzs2Ppkm4aQYbjm+ZEWEcW4SfFNTr4uMNZma0ey4f5lgLrkB0aX0QMow==
  dependencies:
    has-flag "^3.0.0"

tslib@^1.13.0, tslib@^1.8.1:
  version "1.14.1"
  resolved "https://registry.yarnpkg.com/tslib/-/tslib-1.14.1.tgz#cf2d38bdc34a134bcaf1091c41f6619e2f672d00"
  integrity sha512-Xni35NKzjgMrwevysHTCArtLDpPvye8zV/0E4EyYn43P7/7qvQwPh9BGkHewbMulVntbigmcT7rdX3BNo9wRJg==

tslint-config-prettier@^1.18.0:
  version "1.18.0"
  resolved "https://registry.yarnpkg.com/tslint-config-prettier/-/tslint-config-prettier-1.18.0.tgz#75f140bde947d35d8f0d238e0ebf809d64592c37"
  integrity sha512-xPw9PgNPLG3iKRxmK7DWr+Ea/SzrvfHtjFt5LBl61gk2UBG/DB9kCXRjv+xyIU1rUtnayLeMUVJBcMX8Z17nDg==

tslint@^6.1.3:
  version "6.1.3"
  resolved "https://registry.yarnpkg.com/tslint/-/tslint-6.1.3.tgz#5c23b2eccc32487d5523bd3a470e9aa31789d904"
  integrity sha512-IbR4nkT96EQOvKE2PW/djGz8iGNeJ4rF2mBfiYaR/nvUWYKJhLwimoJKgjIFEIDibBtOevj7BqCRL4oHeWWUCg==
  dependencies:
    "@babel/code-frame" "^7.0.0"
    builtin-modules "^1.1.1"
    chalk "^2.3.0"
    commander "^2.12.1"
    diff "^4.0.1"
    glob "^7.1.1"
    js-yaml "^3.13.1"
    minimatch "^3.0.4"
    mkdirp "^0.5.3"
    resolve "^1.3.2"
    semver "^5.3.0"
    tslib "^1.13.0"
    tsutils "^2.29.0"

tsutils@^2.29.0:
  version "2.29.0"
  resolved "https://registry.yarnpkg.com/tsutils/-/tsutils-2.29.0.tgz#32b488501467acbedd4b85498673a0812aca0b99"
  integrity sha512-g5JVHCIJwzfISaXpXE1qvNalca5Jwob6FjI4AoPlqMusJ6ftFE7IkkFoMhVLRgK+4Kx3gkzb8UZK5t5yTTvEmA==
  dependencies:
    tslib "^1.8.1"

typescript@^4.2.3:
  version "4.2.3"
  resolved "https://registry.yarnpkg.com/typescript/-/typescript-4.2.3.tgz#39062d8019912d43726298f09493d598048c1ce3"
  integrity sha512-qOcYwxaByStAWrBf4x0fibwZvMRG+r4cQoTjbPtUlrWjBHbmCAww1i448U0GJ+3cNNEtebDteo/cHOR3xJ4wEw==

url@^0.11.0:
  version "0.11.0"
  resolved "https://registry.yarnpkg.com/url/-/url-0.11.0.tgz#3838e97cfc60521eb73c525a8e55bfdd9e2e28f1"
  integrity sha1-ODjpfPxgUh63PFJajlW/3Z4uKPE=
  dependencies:
    punycode "1.3.2"
    querystring "0.2.0"

wrappy@1:
  version "1.0.2"
  resolved "https://registry.yarnpkg.com/wrappy/-/wrappy-1.0.2.tgz#b5243d8f3ec1aa35f1364605bc0d1036e30ab69f"
  integrity sha1-tSQ9jz7BqjXxNkYFvA0QNuMKtp8=
