# THIS IS AN AUTOGENERATED FILE. DO NOT EDIT THIS FILE DIRECTLY.
# yarn lockfile v1


"@babel/code-frame@^7.0.0":
  version "7.18.6"
  resolved "https://registry.yarnpkg.com/@babel/code-frame/-/code-frame-7.18.6.tgz#3b25d38c89600baa2dcc219edfa88a74eb2c427a"
  integrity sha512-TDCmlK5eOvH+eH7cdAFlNXeVJqWIQ7gW9tY1GJIpUtFb6CmjVyq2VM3u71bOyR8CRihcCgMUYoDNyLXao3+70Q==
  dependencies:
    "@babel/highlight" "^7.18.6"

"@babel/helper-validator-identifier@^7.18.6":
  version "7.19.1"
  resolved "https://registry.yarnpkg.com/@babel/helper-validator-identifier/-/helper-validator-identifier-7.19.1.tgz#7eea834cf32901ffdc1a7ee555e2f9c27e249ca2"
  integrity sha512-awrNfaMtnHUr653GgGEs++LlAvW6w+DcPrOliSMXWCKo597CwL5Acf/wWdNkf/tfEQE3mjkeD1YOVZOUV/od1w==

"@babel/highlight@^7.18.6":
  version "7.18.6"
  resolved "https://registry.yarnpkg.com/@babel/highlight/-/highlight-7.18.6.tgz#81158601e93e2563795adcbfbdf5d64be3f2ecdf"
  integrity sha512-u7stbOuYjaPezCuLj29hNW1v64M2Md2qupEKP1fHc7WdOA3DgLh37suiSrZYY7haUB7iBeQZ9P1uiRF359do3g==
  dependencies:
    "@babel/helper-validator-identifier" "^7.18.6"
    chalk "^2.0.0"
    js-tokens "^4.0.0"

"@jacekpietal/gstats@^0.1.0":
  version "0.1.0"
  resolved "https://registry.yarnpkg.com/@jacekpietal/gstats/-/gstats-0.1.0.tgz#b61fd6cc6f7ed0fd27e92484ee418ea55f62c3a1"
  integrity sha512-52ILOmtGRZdunCFXE/wxNaGs/CsP0mF7QbNKvpviSI8cnznognB65zWG2r+k+2SNhYPCDg+FTi3/pj5JSxeh3A==

"@pixi/accessibility@7.1.2":
  version "7.1.2"
  resolved "https://registry.yarnpkg.com/@pixi/accessibility/-/accessibility-7.1.2.tgz#1b02014d1c41f4f32cafbe57a40a732cef176ca4"
  integrity sha512-o5f9IwzqH7iCX05ougmh2r4In9QUVpV+D9UjyCEN8ZKBXfjEk56/VwBd1xX1iYABSktwozX2i3JyozURWD/GOA==

"@pixi/app@7.1.2":
  version "7.1.2"
  resolved "https://registry.yarnpkg.com/@pixi/app/-/app-7.1.2.tgz#133da42b831fe2beddd5cff2138f61e7dc8d6aa3"
  integrity sha512-0fMeIfySiQtp75a+UmqtF50VwgeIfjoaDqpdmNtVdIThhcLVXW1BZSdAlQUHWsNWQXsRs2isXYPIrz9B71XrWA==

"@pixi/assets@7.1.2":
  version "7.1.2"
  resolved "https://registry.yarnpkg.com/@pixi/assets/-/assets-7.1.2.tgz#da236ffd4f5641f0bda8504573c81f690251a62d"
  integrity sha512-Vq9Qxr833HWZGRJ3MJAJQSQLUG7fTVBnrTIv6IKlflAn9k7x63EqOCpyFXVce7pmRcuAgNMfgvboxip+9EBhGw==
  dependencies:
    "@types/css-font-loading-module" "^0.0.7"

"@pixi/compressed-textures@7.1.2":
  version "7.1.2"
  resolved "https://registry.yarnpkg.com/@pixi/compressed-textures/-/compressed-textures-7.1.2.tgz#d868ffe715ec638ade1b00c9919758e8fb4e1b72"
  integrity sha512-DX9eHNSCn5b4y//FCBU/6MglbxcEN/sHXCH0Lsm5oteetXDaQ+vREhkPDiy6ApsvdImzP+qYgVDkE1gplLlYIQ==

"@pixi/constants@7.1.2":
  version "7.1.2"
  resolved "https://registry.yarnpkg.com/@pixi/constants/-/constants-7.1.2.tgz#6dc24db2777ba7c316a3a884c21813486b5ca138"
  integrity sha512-fJflBZJm7fkLmHE5jwl2sc4oekburtM881MmAexYnZVfLNj76mNquElwOd4xAf5iQY43J0g05tSObXtin8a4Fg==

"@pixi/core@7.1.2":
  version "7.1.2"
  resolved "https://registry.yarnpkg.com/@pixi/core/-/core-7.1.2.tgz#6fbf0f61356c3241ec496807ac5c7c6a50b66f4b"
  integrity sha512-yhKYxiDFsS0KdB2ARXyfvQ6+J0IFXzpKSFNOl+MAPfla3cR4QxInln8CoIEB9CJkB+GoHq2tU5+O4xx15ESIvw==
  dependencies:
    "@pixi/constants" "7.1.2"
    "@pixi/extensions" "7.1.2"
    "@pixi/math" "7.1.2"
    "@pixi/runner" "7.1.2"
    "@pixi/settings" "7.1.2"
    "@pixi/ticker" "7.1.2"
    "@pixi/utils" "7.1.2"
    "@types/offscreencanvas" "^2019.6.4"

"@pixi/display@7.1.2":
  version "7.1.2"
  resolved "https://registry.yarnpkg.com/@pixi/display/-/display-7.1.2.tgz#755689ce738b73c47c908efe35adb7725f7261ea"
  integrity sha512-+XTsk42xuBuhzXjMMIDU7+Oou2qbiEy3NK2yuZTbXXMqWzcrGvlPr/9Dx5DU4ObPsYOO8MBB/Vag8bFB38yPlw==

"@pixi/events@7.1.2":
  version "7.1.2"
  resolved "https://registry.yarnpkg.com/@pixi/events/-/events-7.1.2.tgz#05ff739b07d9496f8bb9760fd22d4158cb69548d"
  integrity sha512-KVGrvXayAgFxnq7o/QslbA/2f7uVvhWb1W7l49BWIyGgbUpV0NLQmk8qS5LFuWMgTalm4CWBchnjQ0ZExy12Mw==

"@pixi/extensions@7.1.2":
  version "7.1.2"
  resolved "https://registry.yarnpkg.com/@pixi/extensions/-/extensions-7.1.2.tgz#f66b2c9a2a37dd924443938b5635c23fc589724b"
  integrity sha512-IfUDoGiCDmBf4wiFO1YQYtIrE2DmV4XsPxQe6XE82KTxttTHdHO8XlVE6HiE+Ldtc08kLvY3iQ/y1dnpLBT1gA==

"@pixi/extract@7.1.2":
  version "7.1.2"
  resolved "https://registry.yarnpkg.com/@pixi/extract/-/extract-7.1.2.tgz#307f5f990267d09af0a87f21720d5a0276c6cc82"
  integrity sha512-/31k0YP8vTQAhYcBk6etQbh0jeXTQASL/X078xELfH3/6fCm7xAwEgglJCWHDecK7mLMRRNrahmHBK164zO9Cw==

"@pixi/filter-alpha@7.1.2":
  version "7.1.2"
  resolved "https://registry.yarnpkg.com/@pixi/filter-alpha/-/filter-alpha-7.1.2.tgz#b441c6ebb88229b2c2a504c8d4e4e84b11d2991e"
  integrity sha512-o8bnFYU3kxrMJQ5hjRmmP+ygpSeoOH7KCXZwq/4vQNzUETrTaeyZvcIt4FIVVGyKQ4h1Gh3qipZ0EouQbLI5xA==

"@pixi/filter-blur@7.1.2":
  version "7.1.2"
  resolved "https://registry.yarnpkg.com/@pixi/filter-blur/-/filter-blur-7.1.2.tgz#fb13911e66a41b8a8c5320c2d3b2afd65d322912"
  integrity sha512-WtYkpEBY5J7TObxmioigEWJCs9EXQKUnXEWztGZCtTghG4xA1XAIAEzLP5fEXCifiaU6a9Ro7Z/V1vPFalxlJg==

"@pixi/filter-color-matrix@7.1.2":
  version "7.1.2"
  resolved "https://registry.yarnpkg.com/@pixi/filter-color-matrix/-/filter-color-matrix-7.1.2.tgz#5317a689f0a76f755e26502779ccf27c20ac8e3c"
  integrity sha512-o9+Sb6r7WmJ7bJkxQsdbehTjWZtSlgCfLaIOglDlN39nsNIR2rHguiRimKfEKmKA5e6QsNiTi4qNMgRYEuPiYg==

"@pixi/filter-displacement@7.1.2":
  version "7.1.2"
  resolved "https://registry.yarnpkg.com/@pixi/filter-displacement/-/filter-displacement-7.1.2.tgz#ae67a53db7c70618228f4dc54d1409c555d6f043"
  integrity sha512-PdWUtdC9MYD+ZhPBAqIwFKn2XSFoDbIL8gFz/oiECoTtWn7sujRQuvqVjbp6Nvu4QKvhlBDq/WDTe3Js+EPVbA==

"@pixi/filter-fxaa@7.1.2":
  version "7.1.2"
  resolved "https://registry.yarnpkg.com/@pixi/filter-fxaa/-/filter-fxaa-7.1.2.tgz#250d3c2cd4eb6ca2d1124307ca1608471d131f16"
  integrity sha512-vW47OpemETweJW6OaAy+jI/RUWtOdEhrXH7bPTDIJyTEij62xgec95f9AWU/OfWzK5lOsoWXtlV//mvGUdi86Q==

"@pixi/filter-noise@7.1.2":
  version "7.1.2"
  resolved "https://registry.yarnpkg.com/@pixi/filter-noise/-/filter-noise-7.1.2.tgz#4606e6c627cdf2675aa28e41c54facfdeedf62d9"
  integrity sha512-SXVP0Og6ByTfmkd2Xnesi+m9jBLvi3x2aqjXDWgM9wNiXTF67CtfHzIwgs5A+wGADSylEIyZz4KMiUaJ2AH3Zw==

"@pixi/graphics@7.1.2":
  version "7.1.2"
  resolved "https://registry.yarnpkg.com/@pixi/graphics/-/graphics-7.1.2.tgz#65b88820943ed7c1b45e119ebbfacd22563681d9"
  integrity sha512-R32KfpIfBABDvVzX9Rh59oyP2p7TXKcakEi/eOBF+paGmDpIYXK2Ola4VfoalqZIXFMhsFST36iiJv/cRaKRdQ==

"@pixi/math@7.1.2":
  version "7.1.2"
  resolved "https://registry.yarnpkg.com/@pixi/math/-/math-7.1.2.tgz#f4fdd94050629b99674d758b231bd7087fd60f6c"
  integrity sha512-mLfbdo/Al78YLTstTfnqzxuZy/L0ef9oaL4Wc58Jm+9VjqXkCbI2zIioERdb/KPYWFIABMC0ZIjE5vTCYdyphw==

"@pixi/mesh-extras@7.1.2":
  version "7.1.2"
  resolved "https://registry.yarnpkg.com/@pixi/mesh-extras/-/mesh-extras-7.1.2.tgz#7482b4c9b1341d143f76196acbac5898ef61466e"
  integrity sha512-ffV8Ajo3LAJdn+eUkixEK48tTsnJjyV9+YrbSK1Lciezx2jvQabmeBDmowBGFZnKjrgJFEJWeBDCKlyhcffkOg==

"@pixi/mesh@7.1.2":
  version "7.1.2"
  resolved "https://registry.yarnpkg.com/@pixi/mesh/-/mesh-7.1.2.tgz#b8b85b8a1d99f53b580e3f3d71454408b997488b"
  integrity sha512-1N45fW/Y5p+ixEAfihe1ZpTIdx7KY3Wce0coGv42k4pCeKykGMR9ibCL5ThJoHLS1mtU3QIfmmj5HC8ZW8SwjA==

"@pixi/mixin-cache-as-bitmap@7.1.2":
  version "7.1.2"
  resolved "https://registry.yarnpkg.com/@pixi/mixin-cache-as-bitmap/-/mixin-cache-as-bitmap-7.1.2.tgz#a71761da08a59859596771baa0e26413641a8e0d"
  integrity sha512-bGOKkuQj3IHrJHY1a2oSKM8U0nvnNxcr2+IRchx9ncaE3V9VUxHyNgj/bn5ed9V0momRzXCtxkT+rA8V8RDw4g==

"@pixi/mixin-get-child-by-name@7.1.2":
  version "7.1.2"
  resolved "https://registry.yarnpkg.com/@pixi/mixin-get-child-by-name/-/mixin-get-child-by-name-7.1.2.tgz#632247f4859542459c4b8c52649baa7d1ba57876"
  integrity sha512-yFzJCegHc5JZ/kGBi/UeXvtDdF7Wfzg9uIAbK+zc/YL0PjB3+Q7AKcR7Exq4XMKwUBAd24S5aTDR23WfW5Z7OA==

"@pixi/mixin-get-global-position@7.1.2":
  version "7.1.2"
  resolved "https://registry.yarnpkg.com/@pixi/mixin-get-global-position/-/mixin-get-global-position-7.1.2.tgz#0b7aaa49481c03d52d947991a0c680a50c808cb5"
  integrity sha512-nX/zAwRfK9Uja7Jlj3wrb8am4CIWY7Z6ZRvRqR9VM2yS2eE6KLD4X706gHxlKQnVav/Wup1n6AFJdk68d25Tbg==

"@pixi/particle-container@7.1.2":
  version "7.1.2"
  resolved "https://registry.yarnpkg.com/@pixi/particle-container/-/particle-container-7.1.2.tgz#8aaa4790834fb72664259c488465ba56bb3ee2cf"
  integrity sha512-BaNT226SIs04qBwiUHanTYsWZjCFivW9jCZrV9+2N5BrNaCw4SWOfoHwy23AxaWZC2coU2AkM9MGoOeD75Qq9A==

"@pixi/prepare@7.1.2":
  version "7.1.2"
  resolved "https://registry.yarnpkg.com/@pixi/prepare/-/prepare-7.1.2.tgz#090e890c2a398199be22b122189e69b1e8d9e137"
  integrity sha512-LwJsseLklfeHRTMAwtwew3ficceSRuxv7H9VMAvk588+UXEQGOINVG3sE9CF7nwoqU8Ry55BlR9IGCQGP8bCzA==

"@pixi/runner@7.1.2":
  version "7.1.2"
  resolved "https://registry.yarnpkg.com/@pixi/runner/-/runner-7.1.2.tgz#68d4d88470689840c0a06cf1ec4d3b1a60a9166c"
  integrity sha512-mtkNlABmQGD208nYsnUjZlMzsJ2+pug7wmLBcDJC8jtD3PFbPorI+CsqdT1ivPYKXSMZq5/rcoWTk1G9PUeRog==

"@pixi/settings@7.1.2":
  version "7.1.2"
  resolved "https://registry.yarnpkg.com/@pixi/settings/-/settings-7.1.2.tgz#e79884a757458b31df2fb2edf4414e4434c6e8a4"
  integrity sha512-5dg4+WvqA1OLVvDjw49664Mc6x26O0WPzpCHTxt9WrzKqE6g6S2A+Sxn8E6Eq+/86excpYf0JCR8F2d+ObpL1Q==
  dependencies:
    "@pixi/constants" "7.1.2"
    "@types/css-font-loading-module" "^0.0.7"

"@pixi/sprite-animated@7.1.2":
  version "7.1.2"
  resolved "https://registry.yarnpkg.com/@pixi/sprite-animated/-/sprite-animated-7.1.2.tgz#0c95c476be6a72b47dabb663146121fcf3958b13"
  integrity sha512-zN4UN6xUMjmrjSoFe9qh+gxMI+UJEa1p+wtKjKMrrUzVFsdRo7KuCRq5tzhDd32t+phWkIv1f3E/LAbQ7ZdNsA==

"@pixi/sprite-tiling@7.1.2":
  version "7.1.2"
  resolved "https://registry.yarnpkg.com/@pixi/sprite-tiling/-/sprite-tiling-7.1.2.tgz#f73d6c9824e4c57ae9ed42afe1a009932aa6b4f0"
  integrity sha512-CbBltFd5UnwFhMqAKXu/PnBP0oXYgT0Io3OnMKGG9Ux6DC2a+qrqOZaJK9EgrD8QxN7f+LjMs+H/eePrNQhXGg==

"@pixi/sprite@7.1.2":
  version "7.1.2"
  resolved "https://registry.yarnpkg.com/@pixi/sprite/-/sprite-7.1.2.tgz#b82ff03f572121a151b26eabc2d1b83e610fec3e"
  integrity sha512-pUdU+QdWKuYvrx7iaM7Pr9otEGPUVCfhUFO+z13uJeDPg3kx8HX5AwzAz0dl1B7FOfO0ugYlpzWZAF9vYNGd+Q==

"@pixi/spritesheet@7.1.2":
  version "7.1.2"
  resolved "https://registry.yarnpkg.com/@pixi/spritesheet/-/spritesheet-7.1.2.tgz#a2ced0385b585a756842a7215b0d4d01361a932b"
  integrity sha512-HgUAd8yCVFbIxdZ0JfRI8RdF2W4KGOnfrcPvqNGCp+DRl2PvaGarnf6phpgW3xR11IEzGWHvlQyYDGWM+v1cuA==

"@pixi/text-bitmap@7.1.2":
  version "7.1.2"
  resolved "https://registry.yarnpkg.com/@pixi/text-bitmap/-/text-bitmap-7.1.2.tgz#8c2264b0e9ea4f91ef335f7148cd2a42005fced7"
  integrity sha512-6poTJXkJMDme4uixixSROsvBVRDFf67IJxVjFNlahJyvPFtChvlNBm97w86CWY1YkiZjFPYLEZTkCCp/1/Q52A==

"@pixi/text@7.1.2":
  version "7.1.2"
  resolved "https://registry.yarnpkg.com/@pixi/text/-/text-7.1.2.tgz#1f40c276bcb2e3ef9202e2588ec45266d705b60c"
  integrity sha512-/boBiFCjlliZaWHg9GC4sVB0OLE1Yfbkh8Mg1BPwZJzf/dPxOb1jiWqlfUoTAD6G+widShTWt87mgSGHirTZow==

"@pixi/ticker@7.1.2":
  version "7.1.2"
  resolved "https://registry.yarnpkg.com/@pixi/ticker/-/ticker-7.1.2.tgz#af3f0e9f3de3ebab589d39babdaea588d36bebdb"
  integrity sha512-zSdW3oIgfKaIwRWx3xKlS9SpJpa8efQNu70JXVbEA5fX0tZC2BIAP4GUFOM/PuyqyB95cCxGJO7KaL3xFPz/tQ==
  dependencies:
    "@pixi/extensions" "7.1.2"
    "@pixi/settings" "7.1.2"
    "@pixi/utils" "7.1.2"

"@pixi/utils@7.1.2":
  version "7.1.2"
  resolved "https://registry.yarnpkg.com/@pixi/utils/-/utils-7.1.2.tgz#d73d8e32f6eb129bd1fb0db9ac3055c4d8f21058"
  integrity sha512-UsEQn8Oz9RFJMmi8GzPJWHH6h2+Ftcfvt3JgirqvyFH7i5it7uAScA0CRCtQkc72Ot25lGfRDSbwI+f3RqdLMw==
  dependencies:
    "@pixi/constants" "7.1.2"
    "@pixi/settings" "7.1.2"
    "@types/earcut" "^2.1.0"
    earcut "^2.2.4"
    eventemitter3 "^4.0.0"
    url "^0.11.0"

"@types/css-font-loading-module@^0.0.7":
  version "0.0.7"
  resolved "https://registry.yarnpkg.com/@types/css-font-loading-module/-/css-font-loading-module-0.0.7.tgz#2f98ede46acc0975de85c0b7b0ebe06041d24601"
  integrity sha512-nl09VhutdjINdWyXxHWN/w9zlNCfr60JUqJbd24YXUuCwgeL0TpFSdElCwb6cxfB6ybE19Gjj4g0jsgkXxKv1Q==

"@types/earcut@^2.1.0":
  version "2.1.1"
  resolved "https://registry.yarnpkg.com/@types/earcut/-/earcut-2.1.1.tgz#573a0af609f17005c751f6f4ffec49cfe358ea51"
  integrity sha512-w8oigUCDjElRHRRrMvn/spybSMyX8MTkKA5Dv+tS1IE/TgmNZPqUYtvYBXGY8cieSE66gm+szeK+bnbxC2xHTQ==

"@types/offscreencanvas@^2019.6.4":
  version "2019.7.0"
  resolved "https://registry.yarnpkg.com/@types/offscreencanvas/-/offscreencanvas-2019.7.0.tgz#e4a932069db47bb3eabeb0b305502d01586fa90d"
  integrity sha512-PGcyveRIpL1XIqK8eBsmRBt76eFgtzuPiSTyKHZxnGemp2yzGzWpjYKAfK3wIMiU7eH+851yEpiuP8JZerTmWg==

ansi-styles@^3.2.1:
  version "3.2.1"
  resolved "https://registry.yarnpkg.com/ansi-styles/-/ansi-styles-3.2.1.tgz#41fbb20243e50b12be0f04b8dedbf07520ce841d"
  integrity sha512-VT0ZI6kZRdTh8YyJw3SMbYm/u+NqfsAxEpWO0Pf9sq8/e94WxxOpPKx9FR1FlyCtOVDNOQ+8ntlqFxiRc+r5qA==
  dependencies:
    color-convert "^1.9.0"

argparse@^1.0.7:
  version "1.0.10"
  resolved "https://registry.yarnpkg.com/argparse/-/argparse-1.0.10.tgz#bcd6791ea5ae09725e17e5ad988134cd40b3d911"
  integrity sha512-o5Roy6tNG4SL/FOkCAN6RzjiakZS25RLYFrcMttJqbdd8BWrnA+fGz57iN5Pb06pvBGvl5gQ0B48dJlslXvoTg==
  dependencies:
    sprintf-js "~1.0.2"

balanced-match@^1.0.0:
  version "1.0.2"
  resolved "https://registry.yarnpkg.com/balanced-match/-/balanced-match-1.0.2.tgz#e83e3a7e3f300b34cb9d87f615fa0cbf357690ee"
  integrity sha512-3oSeUO0TMV67hN1AmbXsK4yaqU7tjiHlbxRDZOpH0KW9+CeX4bRAaX0Anxt0tx2MrpRpWwQaPwIlISEJhYU5Pw==

brace-expansion@^1.1.7:
  version "1.1.11"
  resolved "https://registry.yarnpkg.com/brace-expansion/-/brace-expansion-1.1.11.tgz#3c7fcbf529d87226f3d2f52b966ff5271eb441dd"
  integrity sha512-iCuPHDFgrHX7H2vEI/5xpz07zSHB00TpugqhmYtVmMO6518mCuRMoOYFldEBl0g187ufozdaHgWKcYFb61qGiA==
  dependencies:
    balanced-match "^1.0.0"
    concat-map "0.0.1"

builtin-modules@^1.1.1:
  version "1.1.1"
  resolved "https://registry.yarnpkg.com/builtin-modules/-/builtin-modules-1.1.1.tgz#270f076c5a72c02f5b65a47df94c5fe3a278892f"
  integrity sha512-wxXCdllwGhI2kCC0MnvTGYTMvnVZTvqgypkiTI8Pa5tcz2i6VqsqwYGgqwXji+4RgCzms6EajE4IxiUH6HH8nQ==

chalk@^2.0.0, chalk@^2.3.0:
  version "2.4.2"
  resolved "https://registry.yarnpkg.com/chalk/-/chalk-2.4.2.tgz#cd42541677a54333cf541a49108c1432b44c9424"
  integrity sha512-Mti+f9lpJNcwF4tWV8/OrTTtF1gZi+f8FqlyAdouralcFWFQWF2+NgCHShjkCb+IFBLq9buZwE1xckQU4peSuQ==
  dependencies:
    ansi-styles "^3.2.1"
    escape-string-regexp "^1.0.5"
    supports-color "^5.3.0"

color-convert@^1.9.0:
  version "1.9.3"
  resolved "https://registry.yarnpkg.com/color-convert/-/color-convert-1.9.3.tgz#bb71850690e1f136567de629d2d5471deda4c1e8"
  integrity sha512-QfAUtd+vFdAtFQcC8CCyYt1fYWxSqAiK2cSD6zDB8N3cpsEBAvRxp9zOGg6G/SHHJYAT88/az/IuDGALsNVbGg==
  dependencies:
    color-name "1.1.3"

color-name@1.1.3:
  version "1.1.3"
  resolved "https://registry.yarnpkg.com/color-name/-/color-name-1.1.3.tgz#a7d0558bd89c42f795dd42328f740831ca53bc25"
  integrity sha512-72fSenhMw2HZMTVHeCA9KCmpEIbzWiQsjN+BHcBbS9vr1mtt+vJjPdksIBNUmKAW8TFUDPJK5SUU3QhE9NEXDw==

commander@^2.12.1:
  version "2.20.3"
  resolved "https://registry.yarnpkg.com/commander/-/commander-2.20.3.tgz#fd485e84c03eb4881c20722ba48035e8531aeb33"
  integrity sha512-GpVkmM8vF2vQUkj2LvZmD35JxeJOLCwJ9cUkugyk2nuhbv3+mJvpLYYt+0+USMxE+oj+ey/lJEnhZw75x/OMcQ==

concat-map@0.0.1:
  version "0.0.1"
  resolved "https://registry.yarnpkg.com/concat-map/-/concat-map-0.0.1.tgz#d8a96bd77fd68df7793a73036a3ba0d5405d477b"
  integrity sha512-/Srv4dswyQNBfohGpz9o6Yb3Gz3SrUDqBH5rTuhGR7ahtlbYKnVxw2bCFMRljaA7EXHaXZ8wsHdodFvbkhKmqg==

diff@^4.0.1:
  version "4.0.2"
  resolved "https://registry.yarnpkg.com/diff/-/diff-4.0.2.tgz#60f3aecb89d5fae520c11aa19efc2bb982aade7d"
  integrity sha512-58lmxKSA4BNyLz+HHMUzlOEpg09FV+ev6ZMe3vJihgdxzgcwZ8VoEEPmALCZG9LmqfVoNMMKpttIYTVG6uDY7A==

earcut@^2.2.4:
  version "2.2.4"
  resolved "https://registry.yarnpkg.com/earcut/-/earcut-2.2.4.tgz#6d02fd4d68160c114825d06890a92ecaae60343a"
  integrity sha512-/pjZsA1b4RPHbeWZQn66SWS8nZZWLQQ23oE3Eam7aroEFGEvwKAsJfZ9ytiEMycfzXWpca4FA9QIOehf7PocBQ==

escape-string-regexp@^1.0.5:
  version "1.0.5"
  resolved "https://registry.yarnpkg.com/escape-string-regexp/-/escape-string-regexp-1.0.5.tgz#1b61c0562190a8dff6ae3bb2cf0200ca130b86d4"
  integrity sha512-vbRorB5FUQWvla16U8R/qgaFIya2qGzwDrNmCZuYKrbdSUMG6I1ZCGQRefkRVhuOkIGVne7BQ35DSfo1qvJqFg==

esprima@^4.0.0:
  version "4.0.1"
  resolved "https://registry.yarnpkg.com/esprima/-/esprima-4.0.1.tgz#13b04cdb3e6c5d19df91ab6987a8695619b0aa71"
  integrity sha512-eGuFFw7Upda+g4p+QHvnW0RyTX/SVeJBDM/gCtMARO0cLuT2HcEKnTPvhjV6aGeqrCB/sbNop0Kszm0jsaWU4A==

eventemitter3@^4.0.0:
  version "4.0.7"
  resolved "https://registry.yarnpkg.com/eventemitter3/-/eventemitter3-4.0.7.tgz#2de9b68f6528d5644ef5c59526a1b4a07306169f"
  integrity sha512-8guHBZCwKnFhYdHr2ysuRWErTwhoN2X8XELRlrRwpmfeY2jjuUN4taQMsULKUVo1K4DvZl+0pgfyoysHxvmvEw==

fs.realpath@^1.0.0:
  version "1.0.0"
  resolved "https://registry.yarnpkg.com/fs.realpath/-/fs.realpath-1.0.0.tgz#1504ad2523158caa40db4a2787cb01411994ea4f"
  integrity sha512-OO0pH2lK6a0hZnAdau5ItzHPI6pUlvI7jMVnxUQRtw4owF2wk8lOSabtGDCTP4Ggrg2MbGnWO9X8K1t4+fGMDw==

function-bind@^1.1.1:
  version "1.1.1"
  resolved "https://registry.yarnpkg.com/function-bind/-/function-bind-1.1.1.tgz#a56899d3ea3c9bab874bb9773b7c5ede92f4895d"
  integrity sha512-yIovAzMX49sF8Yl58fSCWJ5svSLuaibPxXQJFLmBObTuCr0Mf1KiPopGM9NiFjiYBCbfaa2Fh6breQ6ANVTI0A==

glob@^7.1.1:
  version "7.2.3"
  resolved "https://registry.yarnpkg.com/glob/-/glob-7.2.3.tgz#b8df0fb802bbfa8e89bd1d938b4e16578ed44f2b"
  integrity sha512-nFR0zLpU2YCaRxwoCJvL6UvCH2JFyFVIvwTLsIf21AuHlMskA1hhTdk+LlYJtOlYt9v6dvszD2BGRqBL+iQK9Q==
  dependencies:
    fs.realpath "^1.0.0"
    inflight "^1.0.4"
    inherits "2"
    minimatch "^3.1.1"
    once "^1.3.0"
    path-is-absolute "^1.0.0"

has-flag@^3.0.0:
  version "3.0.0"
  resolved "https://registry.yarnpkg.com/has-flag/-/has-flag-3.0.0.tgz#b5d454dc2199ae225699f3467e5a07f3b955bafd"
  integrity sha512-sKJf1+ceQBr4SMkvQnBDNDtf4TXpVhVGateu0t918bl30FnbE2m4vNLX+VWe/dpjlb+HugGYzW7uQXH98HPEYw==

has@^1.0.3:
  version "1.0.3"
  resolved "https://registry.yarnpkg.com/has/-/has-1.0.3.tgz#722d7cbfc1f6aa8241f16dd814e011e1f41e8796"
  integrity sha512-f2dvO0VU6Oej7RkWJGrehjbzMAjFp5/VKPp5tTpWIV4JHHZK1/BxbFRtf/siA2SWTe09caDmVtYYzWEIbBS4zw==
  dependencies:
    function-bind "^1.1.1"

inflight@^1.0.4:
  version "1.0.6"
  resolved "https://registry.yarnpkg.com/inflight/-/inflight-1.0.6.tgz#49bd6331d7d02d0c09bc910a1075ba8165b56df9"
  integrity sha512-k92I/b08q4wvFscXCLvqfsHCrjrF7yiXsQuIVvVE7N82W3+aqpzuUdBbfhWcy/FZR3/4IgflMgKLOsvPDrGCJA==
  dependencies:
    once "^1.3.0"
    wrappy "1"

inherits@2:
  version "2.0.4"
  resolved "https://registry.yarnpkg.com/inherits/-/inherits-2.0.4.tgz#0fa2c64f932917c3433a0ded55363aae37416b7c"
  integrity sha512-k/vGaX4/Yla3WzyMCvTQOXYeIHvqOKtnqBduzTHpzpQZzAskKMhZ2K+EnBiSM9zGSoIFeMpXKxa4dYeZIQqewQ==

is-core-module@^2.9.0:
  version "2.11.0"
  resolved "https://registry.yarnpkg.com/is-core-module/-/is-core-module-2.11.0.tgz#ad4cb3e3863e814523c96f3f58d26cc570ff0144"
  integrity sha512-RRjxlvLDkD1YJwDbroBHMb+cukurkDWNyHx7D3oNB5x9rb5ogcksMC5wHCadcXoo67gVr/+3GFySh3134zi6rw==
  dependencies:
    has "^1.0.3"

js-tokens@^4.0.0:
  version "4.0.0"
  resolved "https://registry.yarnpkg.com/js-tokens/-/js-tokens-4.0.0.tgz#19203fb59991df98e3a287050d4647cdeaf32499"
  integrity sha512-RdJUflcE3cUzKiMqQgsCu06FPu9UdIJO0beYbPhHN4k6apgJtifcoCtT9bcxOpYBtpD2kCM6Sbzg4CausW/PKQ==

js-yaml@^3.13.1:
  version "3.14.1"
  resolved "https://registry.yarnpkg.com/js-yaml/-/js-yaml-3.14.1.tgz#dae812fdb3825fa306609a8717383c50c36a0537"
  integrity sha512-okMH7OXXJ7YrN9Ok3/SXrnu4iX9yOk+25nqX4imS2npuvTYDmo/QEZoqwZkYaIDk3jVvBOTOIEgEhaLOynBS9g==
  dependencies:
    argparse "^1.0.7"
    esprima "^4.0.0"

minimatch@^3.0.4, minimatch@^3.1.1:
  version "3.1.2"
  resolved "https://registry.yarnpkg.com/minimatch/-/minimatch-3.1.2.tgz#19cd194bfd3e428f049a70817c038d89ab4be35b"
  integrity sha512-J7p63hRiAjw1NDEww1W7i37+ByIrOWO5XQQAzZ3VOcL0PNybwpfmV/N05zFAzwQ9USyEcX6t3UO+K5aqBQOIHw==
  dependencies:
    brace-expansion "^1.1.7"

minimist@^1.2.6:
  version "1.2.7"
  resolved "https://registry.yarnpkg.com/minimist/-/minimist-1.2.7.tgz#daa1c4d91f507390437c6a8bc01078e7000c4d18"
  integrity sha512-bzfL1YUZsP41gmu/qjrEk0Q6i2ix/cVeAhbCbqH9u3zYutS1cLg00qhrD0M2MVdCcx4Sc0UpP2eBWo9rotpq6g==

mkdirp@^0.5.3:
  version "0.5.6"
  resolved "https://registry.yarnpkg.com/mkdirp/-/mkdirp-0.5.6.tgz#7def03d2432dcae4ba1d611445c48396062255f6"
  integrity sha512-FP+p8RB8OWpF3YZBCrP5gtADmtXApB5AMLn+vdyA+PyxCjrCs00mjyUozssO33cwDeT3wNGdLxJ5M//YqtHAJw==
  dependencies:
    minimist "^1.2.6"

once@^1.3.0:
  version "1.4.0"
  resolved "https://registry.yarnpkg.com/once/-/once-1.4.0.tgz#583b1aa775961d4b113ac17d9c50baef9dd76bd1"
  integrity sha512-lNaJgI+2Q5URQBkccEKHTQOPaXdUxnZZElQTZY0MFUAuaEqe1E+Nyvgdz/aIyNi6Z9MzO5dv1H8n58/GELp3+w==
  dependencies:
    wrappy "1"

path-is-absolute@^1.0.0:
  version "1.0.1"
  resolved "https://registry.yarnpkg.com/path-is-absolute/-/path-is-absolute-1.0.1.tgz#174b9268735534ffbc7ace6bf53a5a9e1b5c5f5f"
  integrity sha512-AVbw3UJ2e9bq64vSaS9Am0fje1Pa8pbGqTTsmXfaIiMpnr5DlDhfJOuLj9Sf95ZPVDAUerDfEk88MPmPe7UCQg==

path-parse@^1.0.7:
  version "1.0.7"
  resolved "https://registry.yarnpkg.com/path-parse/-/path-parse-1.0.7.tgz#fbc114b60ca42b30d9daf5858e4bd68bbedb6735"
  integrity sha512-LDJzPVEEEPR+y48z93A0Ed0yXb8pAByGWo/k5YYdYgpY2/2EsOsksJrq7lOHxryrVOn1ejG6oAp8ahvOIQD8sw==

pixi.js@*:
  version "7.1.2"
  resolved "https://registry.yarnpkg.com/pixi.js/-/pixi.js-7.1.2.tgz#4169eeccc9a7f6aff012b9c78e0c3f57aab7286a"
  integrity sha512-bPEn8e/fwm/8u+Y1CTUsGtFqZXhX+s4ZL+unuPVoaSmad/YTdP/YJekxr1SdDY+Ho5JiFFagh7XgZxB08N/xvw==
  dependencies:
    "@pixi/accessibility" "7.1.2"
    "@pixi/app" "7.1.2"
    "@pixi/assets" "7.1.2"
    "@pixi/compressed-textures" "7.1.2"
    "@pixi/core" "7.1.2"
    "@pixi/display" "7.1.2"
    "@pixi/events" "7.1.2"
    "@pixi/extensions" "7.1.2"
    "@pixi/extract" "7.1.2"
    "@pixi/filter-alpha" "7.1.2"
    "@pixi/filter-blur" "7.1.2"
    "@pixi/filter-color-matrix" "7.1.2"
    "@pixi/filter-displacement" "7.1.2"
    "@pixi/filter-fxaa" "7.1.2"
    "@pixi/filter-noise" "7.1.2"
    "@pixi/graphics" "7.1.2"
    "@pixi/mesh" "7.1.2"
    "@pixi/mesh-extras" "7.1.2"
    "@pixi/mixin-cache-as-bitmap" "7.1.2"
    "@pixi/mixin-get-child-by-name" "7.1.2"
    "@pixi/mixin-get-global-position" "7.1.2"
    "@pixi/particle-container" "7.1.2"
    "@pixi/prepare" "7.1.2"
    "@pixi/sprite" "7.1.2"
    "@pixi/sprite-animated" "7.1.2"
    "@pixi/sprite-tiling" "7.1.2"
    "@pixi/spritesheet" "7.1.2"
    "@pixi/text" "7.1.2"
    "@pixi/text-bitmap" "7.1.2"

prettier@^2.8.4:
  version "2.8.4"
  resolved "https://registry.yarnpkg.com/prettier/-/prettier-2.8.4.tgz#34dd2595629bfbb79d344ac4a91ff948694463c3"
  integrity sha512-vIS4Rlc2FNh0BySk3Wkd6xmwxB0FpOndW5fisM5H8hsZSxU2VWVB5CWIkIjWvrHjIhxk2g3bfMKM87zNTrZddw==

punycode@1.3.2:
  version "1.3.2"
  resolved "https://registry.yarnpkg.com/punycode/-/punycode-1.3.2.tgz#9653a036fb7c1ee42342f2325cceefea3926c48d"
  integrity sha512-RofWgt/7fL5wP1Y7fxE7/EmTLzQVnB0ycyibJ0OOHIlJqTNzglYFxVwETOcIoJqJmpDXJ9xImDv+Fq34F/d4Dw==

querystring@0.2.0:
  version "0.2.0"
  resolved "https://registry.yarnpkg.com/querystring/-/querystring-0.2.0.tgz#b209849203bb25df820da756e747005878521620"
  integrity sha512-X/xY82scca2tau62i9mDyU9K+I+djTMUsvwf7xnUX5GLvVzgJybOJf4Y6o9Zx3oJK/LSXg5tTZBjwzqVPaPO2g==

resolve@^1.3.2:
  version "1.22.1"
  resolved "https://registry.yarnpkg.com/resolve/-/resolve-1.22.1.tgz#27cb2ebb53f91abb49470a928bba7558066ac177"
  integrity sha512-nBpuuYuY5jFsli/JIs1oldw6fOQCBioohqWZg/2hiaOybXOft4lonv85uDOKXdf8rhyK159cxU5cDcK/NKk8zw==
  dependencies:
    is-core-module "^2.9.0"
    path-parse "^1.0.7"
    supports-preserve-symlinks-flag "^1.0.0"

semver@^5.3.0:
  version "5.7.1"
  resolved "https://registry.yarnpkg.com/semver/-/semver-5.7.1.tgz#a954f931aeba508d307bbf069eff0c01c96116f7"
  integrity sha512-sauaDf/PZdVgrLTNYHRtpXa1iRiKcaebiKQ1BJdpQlWH2lCvexQdX55snPFyK7QzpudqbCI0qXFfOasHdyNDGQ==

sprintf-js@~1.0.2:
  version "1.0.3"
  resolved "https://registry.yarnpkg.com/sprintf-js/-/sprintf-js-1.0.3.tgz#04e6926f662895354f3dd015203633b857297e2c"
  integrity sha512-D9cPgkvLlV3t3IzL0D0YLvGA9Ahk4PcvVwUbN0dSGr1aP0Nrt4AEnTUbuGvquEC0mA64Gqt1fzirlRs5ibXx8g==

supports-color@^5.3.0:
  version "5.5.0"
  resolved "https://registry.yarnpkg.com/supports-color/-/supports-color-5.5.0.tgz#e2e69a44ac8772f78a1ec0b35b689df6530efc8f"
  integrity sha512-QjVjwdXIt408MIiAqCX4oUKsgU2EqAGzs2Ppkm4aQYbjm+ZEWEcW4SfFNTr4uMNZma0ey4f5lgLrkB0aX0QMow==
  dependencies:
    has-flag "^3.0.0"

supports-preserve-symlinks-flag@^1.0.0:
  version "1.0.0"
  resolved "https://registry.yarnpkg.com/supports-preserve-symlinks-flag/-/supports-preserve-symlinks-flag-1.0.0.tgz#6eda4bd344a3c94aea376d4cc31bc77311039e09"
  integrity sha512-ot0WnXS9fgdkgIcePe6RHNk1WA8+muPa6cSjeR3V8K27q9BB1rTE3R1p7Hv0z1ZyAc8s6Vvv8DIyWf681MAt0w==

tslib@^1.13.0, tslib@^1.8.1:
  version "1.14.1"
  resolved "https://registry.yarnpkg.com/tslib/-/tslib-1.14.1.tgz#cf2d38bdc34a134bcaf1091c41f6619e2f672d00"
  integrity sha512-Xni35NKzjgMrwevysHTCArtLDpPvye8zV/0E4EyYn43P7/7qvQwPh9BGkHewbMulVntbigmcT7rdX3BNo9wRJg==

tslint-config-prettier@^1.18.0:
  version "1.18.0"
  resolved "https://registry.yarnpkg.com/tslint-config-prettier/-/tslint-config-prettier-1.18.0.tgz#75f140bde947d35d8f0d238e0ebf809d64592c37"
  integrity sha512-xPw9PgNPLG3iKRxmK7DWr+Ea/SzrvfHtjFt5LBl61gk2UBG/DB9kCXRjv+xyIU1rUtnayLeMUVJBcMX8Z17nDg==

tslint@^6.1.3:
  version "6.1.3"
  resolved "https://registry.yarnpkg.com/tslint/-/tslint-6.1.3.tgz#5c23b2eccc32487d5523bd3a470e9aa31789d904"
  integrity sha512-IbR4nkT96EQOvKE2PW/djGz8iGNeJ4rF2mBfiYaR/nvUWYKJhLwimoJKgjIFEIDibBtOevj7BqCRL4oHeWWUCg==
  dependencies:
    "@babel/code-frame" "^7.0.0"
    builtin-modules "^1.1.1"
    chalk "^2.3.0"
    commander "^2.12.1"
    diff "^4.0.1"
    glob "^7.1.1"
    js-yaml "^3.13.1"
    minimatch "^3.0.4"
    mkdirp "^0.5.3"
    resolve "^1.3.2"
    semver "^5.3.0"
    tslib "^1.13.0"
    tsutils "^2.29.0"

tsutils@^2.29.0:
  version "2.29.0"
  resolved "https://registry.yarnpkg.com/tsutils/-/tsutils-2.29.0.tgz#32b488501467acbedd4b85498673a0812aca0b99"
  integrity sha512-g5JVHCIJwzfISaXpXE1qvNalca5Jwob6FjI4AoPlqMusJ6ftFE7IkkFoMhVLRgK+4Kx3gkzb8UZK5t5yTTvEmA==
  dependencies:
    tslib "^1.8.1"

typescript@^4.9.5:
  version "4.9.5"
  resolved "https://registry.yarnpkg.com/typescript/-/typescript-4.9.5.tgz#095979f9bcc0d09da324d58d03ce8f8374cbe65a"
  integrity sha512-1FXk9E2Hm+QzZQ7z+McJiHL4NW1F2EzMu9Nq9i3zAaGqibafqYwCVU6WyWAuyQRRzOlxou8xZSyXLEN8oKj24g==

url@^0.11.0:
  version "0.11.0"
  resolved "https://registry.yarnpkg.com/url/-/url-0.11.0.tgz#3838e97cfc60521eb73c525a8e55bfdd9e2e28f1"
  integrity sha512-kbailJa29QrtXnxgq+DdCEGlbTeYM2eJUxsz6vjZavrCYPMIFHMKQmSKYAIuUK2i7hgPm28a8piX5NTUtM/LKQ==
  dependencies:
    punycode "1.3.2"
    querystring "0.2.0"

wrappy@1:
  version "1.0.2"
  resolved "https://registry.yarnpkg.com/wrappy/-/wrappy-1.0.2.tgz#b5243d8f3ec1aa35f1364605bc0d1036e30ab69f"
  integrity sha512-l4Sp/DRseor9wL6EvV2+TuQn63dMkPjZ/sp9XkghTEbV9KlPS1xUsZ3u7/IQO4wxtcFB4bgpQPRcR3QCvezPcQ==
